// !$*UTF8*$!
{
	archiveVersion = 1;
	classes = {
	};
	objectVersion = 46;
	objects = {

/* Begin PBXBuildFile section */
		7B549C9B1B4697680049AC68 /* AppDelegate.swift in Sources */ = {isa = PBXBuildFile; fileRef = 7B549C9A1B4697680049AC68 /* AppDelegate.swift */; };
		7B549C9D1B4697680049AC68 /* ViewController.swift in Sources */ = {isa = PBXBuildFile; fileRef = 7B549C9C1B4697680049AC68 /* ViewController.swift */; };
		7B549CA01B4697680049AC68 /* Main.storyboard in Resources */ = {isa = PBXBuildFile; fileRef = 7B549C9E1B4697680049AC68 /* Main.storyboard */; };
		7B549CA21B4697680049AC68 /* Images.xcassets in Resources */ = {isa = PBXBuildFile; fileRef = 7B549CA11B4697680049AC68 /* Images.xcassets */; };
		7B549CA51B4697680049AC68 /* LaunchScreen.xib in Resources */ = {isa = PBXBuildFile; fileRef = 7B549CA31B4697680049AC68 /* LaunchScreen.xib */; };
		7B549CB11B4697680049AC68 /* tictactoeTests.swift in Sources */ = {isa = PBXBuildFile; fileRef = 7B549CB01B4697680049AC68 /* tictactoeTests.swift */; };
		7B549CBB1B4720620049AC68 /* TicTacCell.swift in Sources */ = {isa = PBXBuildFile; fileRef = 7B549CBA1B4720620049AC68 /* TicTacCell.swift */; };
		7B549CBF1B474FF20049AC68 /* cross.png in Resources */ = {isa = PBXBuildFile; fileRef = 7B549CBC1B474FF20049AC68 /* cross.png */; };
		7B549CC01B474FF20049AC68 /* not.png in Resources */ = {isa = PBXBuildFile; fileRef = 7B549CBD1B474FF20049AC68 /* not.png */; };
		7B549CC11B474FF20049AC68 /* white.png in Resources */ = {isa = PBXBuildFile; fileRef = 7B549CBE1B474FF20049AC68 /* white.png */; };
		7B549CC31B4779950049AC68 /* background.jpg in Resources */ = {isa = PBXBuildFile; fileRef = 7B549CC21B4779950049AC68 /* background.jpg */; };
		7B549CC51B486C270049AC68 /* victory.jpg in Resources */ = {isa = PBXBuildFile; fileRef = 7B549CC41B486C270049AC68 /* victory.jpg */; };
/* End PBXBuildFile section */

/* Begin PBXContainerItemProxy section */
		7B549CAB1B4697680049AC68 /* PBXContainerItemProxy */ = {
			isa = PBXContainerItemProxy;
			containerPortal = 7B549C8D1B4697680049AC68 /* Project object */;
			proxyType = 1;
			remoteGlobalIDString = 7B549C941B4697680049AC68;
			remoteInfo = tictactoe;
		};
/* End PBXContainerItemProxy section */

/* Begin PBXFileReference section */
		7B549C951B4697680049AC68 /* tictactoe.app */ = {isa = PBXFileReference; explicitFileType = wrapper.application; includeInIndex = 0; path = tictactoe.app; sourceTree = BUILT_PRODUCTS_DIR; };
		7B549C991B4697680049AC68 /* Info.plist */ = {isa = PBXFileReference; lastKnownFileType = text.plist.xml; path = Info.plist; sourceTree = "<group>"; };
		7B549C9A1B4697680049AC68 /* AppDelegate.swift */ = {isa = PBXFileReference; lastKnownFileType = sourcecode.swift; path = AppDelegate.swift; sourceTree = "<group>"; };
		7B549C9C1B4697680049AC68 /* ViewController.swift */ = {isa = PBXFileReference; lastKnownFileType = sourcecode.swift; path = ViewController.swift; sourceTree = "<group>"; };
		7B549C9F1B4697680049AC68 /* Base */ = {isa = PBXFileReference; lastKnownFileType = file.storyboard; name = Base; path = Base.lproj/Main.storyboard; sourceTree = "<group>"; };
		7B549CA11B4697680049AC68 /* Images.xcassets */ = {isa = PBXFileReference; lastKnownFileType = folder.assetcatalog; path = Images.xcassets; sourceTree = "<group>"; };
		7B549CA41B4697680049AC68 /* Base */ = {isa = PBXFileReference; lastKnownFileType = file.xib; name = Base; path = Base.lproj/LaunchScreen.xib; sourceTree = "<group>"; };
		7B549CAA1B4697680049AC68 /* tictactoeTests.xctest */ = {isa = PBXFileReference; explicitFileType = wrapper.cfbundle; includeInIndex = 0; path = tictactoeTests.xctest; sourceTree = BUILT_PRODUCTS_DIR; };
		7B549CAF1B4697680049AC68 /* Info.plist */ = {isa = PBXFileReference; lastKnownFileType = text.plist.xml; path = Info.plist; sourceTree = "<group>"; };
		7B549CB01B4697680049AC68 /* tictactoeTests.swift */ = {isa = PBXFileReference; lastKnownFileType = sourcecode.swift; path = tictactoeTests.swift; sourceTree = "<group>"; };
		7B549CBA1B4720620049AC68 /* TicTacCell.swift */ = {isa = PBXFileReference; fileEncoding = 4; lastKnownFileType = sourcecode.swift; path = TicTacCell.swift; sourceTree = "<group>"; };
		7B549CBC1B474FF20049AC68 /* cross.png */ = {isa = PBXFileReference; lastKnownFileType = image.png; path = cross.png; sourceTree = SOURCE_ROOT; };
		7B549CBD1B474FF20049AC68 /* not.png */ = {isa = PBXFileReference; lastKnownFileType = image.png; path = not.png; sourceTree = SOURCE_ROOT; };
		7B549CBE1B474FF20049AC68 /* white.png */ = {isa = PBXFileReference; lastKnownFileType = image.png; path = white.png; sourceTree = SOURCE_ROOT; };
		7B549CC21B4779950049AC68 /* background.jpg */ = {isa = PBXFileReference; lastKnownFileType = image.jpeg; path = background.jpg; sourceTree = SOURCE_ROOT; };
		7B549CC41B486C270049AC68 /* victory.jpg */ = {isa = PBXFileReference; lastKnownFileType = image.jpeg; path = victory.jpg; sourceTree = SOURCE_ROOT; };
/* End PBXFileReference section */

/* Begin PBXFrameworksBuildPhase section */
		7B549C921B4697680049AC68 /* Frameworks */ = {
			isa = PBXFrameworksBuildPhase;
			buildActionMask = 2147483647;
			files = (
			);
			runOnlyForDeploymentPostprocessing = 0;
		};
		7B549CA71B4697680049AC68 /* Frameworks */ = {
			isa = PBXFrameworksBuildPhase;
			buildActionMask = 2147483647;
			files = (
			);
			runOnlyForDeploymentPostprocessing = 0;
		};
/* End PBXFrameworksBuildPhase section */

/* Begin PBXGroup section */
		7B549C8C1B4697680049AC68 = {
			isa = PBXGroup;
			children = (
				7B549C971B4697680049AC68 /* tictactoe */,
				7B549CAD1B4697680049AC68 /* tictactoeTests */,
				7B549C961B4697680049AC68 /* Products */,
			);
			sourceTree = "<group>";
		};
		7B549C961B4697680049AC68 /* Products */ = {
			isa = PBXGroup;
			children = (
				7B549C951B4697680049AC68 /* tictactoe.app */,
				7B549CAA1B4697680049AC68 /* tictactoeTests.xctest */,
			);
			name = Products;
			sourceTree = "<group>";
		};
		7B549C971B4697680049AC68 /* tictactoe */ = {
			isa = PBXGroup;
			children = (
				7B549CC41B486C270049AC68 /* victory.jpg */,
				7B549CC21B4779950049AC68 /* background.jpg */,
				7B549CBC1B474FF20049AC68 /* cross.png */,
				7B549CBD1B474FF20049AC68 /* not.png */,
				7B549CBE1B474FF20049AC68 /* white.png */,
				7B549CBA1B4720620049AC68 /* TicTacCell.swift */,
				7B549C9A1B4697680049AC68 /* AppDelegate.swift */,
				7B549C9C1B4697680049AC68 /* ViewController.swift */,
				7B549C9E1B4697680049AC68 /* Main.storyboard */,
				7B549CA11B4697680049AC68 /* Images.xcassets */,
				7B549CA31B4697680049AC68 /* LaunchScreen.xib */,
				7B549C981B4697680049AC68 /* Supporting Files */,
			);
			path = tictactoe;
			sourceTree = "<group>";
		};
		7B549C981B4697680049AC68 /* Supporting Files */ = {
			isa = PBXGroup;
			children = (
				7B549C991B4697680049AC68 /* Info.plist */,
			);
			name = "Supporting Files";
			sourceTree = "<group>";
		};
		7B549CAD1B4697680049AC68 /* tictactoeTests */ = {
			isa = PBXGroup;
			children = (
				7B549CB01B4697680049AC68 /* tictactoeTests.swift */,
				7B549CAE1B4697680049AC68 /* Supporting Files */,
			);
			path = tictactoeTests;
			sourceTree = "<group>";
		};
		7B549CAE1B4697680049AC68 /* Supporting Files */ = {
			isa = PBXGroup;
			children = (
				7B549CAF1B4697680049AC68 /* Info.plist */,
			);
			name = "Supporting Files";
			sourceTree = "<group>";
		};
/* End PBXGroup section */

/* Begin PBXNativeTarget section */
		7B549C941B4697680049AC68 /* tictactoe */ = {
			isa = PBXNativeTarget;
			buildConfigurationList = 7B549CB41B4697680049AC68 /* Build configuration list for PBXNativeTarget "tictactoe" */;
			buildPhases = (
				7B549C911B4697680049AC68 /* Sources */,
				7B549C921B4697680049AC68 /* Frameworks */,
				7B549C931B4697680049AC68 /* Resources */,
			);
			buildRules = (
			);
			dependencies = (
			);
			name = tictactoe;
			productName = tictactoe;
			productReference = 7B549C951B4697680049AC68 /* tictactoe.app */;
			productType = "com.apple.product-type.application";
		};
		7B549CA91B4697680049AC68 /* tictactoeTests */ = {
			isa = PBXNativeTarget;
			buildConfigurationList = 7B549CB71B4697680049AC68 /* Build configuration list for PBXNativeTarget "tictactoeTests" */;
			buildPhases = (
				7B549CA61B4697680049AC68 /* Sources */,
				7B549CA71B4697680049AC68 /* Frameworks */,
				7B549CA81B4697680049AC68 /* Resources */,
			);
			buildRules = (
			);
			dependencies = (
				7B549CAC1B4697680049AC68 /* PBXTargetDependency */,
			);
			name = tictactoeTests;
			productName = tictactoeTests;
			productReference = 7B549CAA1B4697680049AC68 /* tictactoeTests.xctest */;
			productType = "com.apple.product-type.bundle.unit-test";
		};
/* End PBXNativeTarget section */

/* Begin PBXProject section */
		7B549C8D1B4697680049AC68 /* Project object */ = {
			isa = PBXProject;
			attributes = {
				LastUpgradeCheck = 0630;
				ORGANIZATIONNAME = "Zainuddin Qazi";
				TargetAttributes = {
					7B549C941B4697680049AC68 = {
						CreatedOnToolsVersion = 6.3.1;
					};
					7B549CA91B4697680049AC68 = {
						CreatedOnToolsVersion = 6.3.1;
						TestTargetID = 7B549C941B4697680049AC68;
					};
				};
			};
			buildConfigurationList = 7B549C901B4697680049AC68 /* Build configuration list for PBXProject "tictactoe" */;
			compatibilityVersion = "Xcode 3.2";
			developmentRegion = English;
			hasScannedForEncodings = 0;
			knownRegions = (
				en,
				Base,
			);
			mainGroup = 7B549C8C1B4697680049AC68;
			productRefGroup = 7B549C961B4697680049AC68 /* Products */;
			projectDirPath = "";
			projectRoot = "";
			targets = (
				7B549C941B4697680049AC68 /* tictactoe */,
				7B549CA91B4697680049AC68 /* tictactoeTests */,
			);
		};
/* End PBXProject section */

/* Begin PBXResourcesBuildPhase section */
		7B549C931B4697680049AC68 /* Resources */ = {
			isa = PBXResourcesBuildPhase;
			buildActionMask = 2147483647;
			files = (
				7B549CA01B4697680049AC68 /* Main.storyboard in Resources */,
				7B549CA51B4697680049AC68 /* LaunchScreen.xib in Resources */,
				7B549CC51B486C270049AC68 /* victory.jpg in Resources */,
				7B549CC31B4779950049AC68 /* background.jpg in Resources */,
				7B549CBF1B474FF20049AC68 /* cross.png in Resources */,
				7B549CC01B474FF20049AC68 /* not.png in Resources */,
				7B549CA21B4697680049AC68 /* Images.xcassets in Resources */,
				7B549CC11B474FF20049AC68 /* white.png in Resources */,
			);
			runOnlyForDeploymentPostprocessing = 0;
		};
		7B549CA81B4697680049AC68 /* Resources */ = {
			isa = PBXResourcesBuildPhase;
			buildActionMask = 2147483647;
			files = (
			);
			runOnlyForDeploymentPostprocessing = 0;
		};
/* End PBXResourcesBuildPhase section */

/* Begin PBXSourcesBuildPhase section */
		7B549C911B4697680049AC68 /* Sources */ = {
			isa = PBXSourcesBuildPhase;
			buildActionMask = 2147483647;
			files = (
				7B549C9D1B4697680049AC68 /* ViewController.swift in Sources */,
				7B549C9B1B4697680049AC68 /* AppDelegate.swift in Sources */,
				7B549CBB1B4720620049AC68 /* TicTacCell.swift in Sources */,
			);
			runOnlyForDeploymentPostprocessing = 0;
		};
		7B549CA61B4697680049AC68 /* Sources */ = {
			isa = PBXSourcesBuildPhase;
			buildActionMask = 2147483647;
			files = (
				7B549CB11B4697680049AC68 /* tictactoeTests.swift in Sources */,
			);
			runOnlyForDeploymentPostprocessing = 0;
		};
/* End PBXSourcesBuildPhase section */

/* Begin PBXTargetDependency section */
		7B549CAC1B4697680049AC68 /* PBXTargetDependency */ = {
			isa = PBXTargetDependency;
			target = 7B549C941B4697680049AC68 /* tictactoe */;
			targetProxy = 7B549CAB1B4697680049AC68 /* PBXContainerItemProxy */;
		};
/* End PBXTargetDependency section */

/* Begin PBXVariantGroup section */
		7B549C9E1B4697680049AC68 /* Main.storyboard */ = {
			isa = PBXVariantGroup;
			children = (
				7B549C9F1B4697680049AC68 /* Base */,
			);
			name = Main.storyboard;
			sourceTree = "<group>";
		};
		7B549CA31B4697680049AC68 /* LaunchScreen.xib */ = {
			isa = PBXVariantGroup;
			children = (
				7B549CA41B4697680049AC68 /* Base */,
			);
			name = LaunchScreen.xib;
			sourceTree = "<group>";
		};
/* End PBXVariantGroup section */

/* Begin XCBuildConfiguration section */
		7B549CB21B4697680049AC68 /* Debug */ = {
			isa = XCBuildConfiguration;
			buildSettings = {
				ALWAYS_SEARCH_USER_PATHS = NO;
				CLANG_CXX_LANGUAGE_STANDARD = "gnu++0x";
				CLANG_CXX_LIBRARY = "libc++";
				CLANG_ENABLE_MODULES = YES;
				CLANG_ENABLE_OBJC_ARC = YES;
				CLANG_WARN_BOOL_CONVERSION = YES;
				CLANG_WARN_CONSTANT_CONVERSION = YES;
				CLANG_WARN_DIRECT_OBJC_ISA_USAGE = YES_ERROR;
				CLANG_WARN_EMPTY_BODY = YES;
				CLANG_WARN_ENUM_CONVERSION = YES;
				CLANG_WARN_INT_CONVERSION = YES;
				CLANG_WARN_OBJC_ROOT_CLASS = YES_ERROR;
				CLANG_WARN_UNREACHABLE_CODE = YES;
				CLANG_WARN__DUPLICATE_METHOD_MATCH = YES;
				"CODE_SIGN_IDENTITY[sdk=iphoneos*]" = "iPhone Developer";
				COPY_PHASE_STRIP = NO;
				DEBUG_INFORMATION_FORMAT = "dwarf-with-dsym";
				ENABLE_STRICT_OBJC_MSGSEND = YES;
				GCC_C_LANGUAGE_STANDARD = gnu99;
				GCC_DYNAMIC_NO_PIC = NO;
				GCC_NO_COMMON_BLOCKS = YES;
				GCC_OPTIMIZATION_LEVEL = 0;
				GCC_PREPROCESSOR_DEFINITIONS = (
					"DEBUG=1",
					"$(inherited)",
				);
				GCC_SYMBOLS_PRIVATE_EXTERN = NO;
				GCC_WARN_64_TO_32_BIT_CONVERSION = YES;
				GCC_WARN_ABOUT_RETURN_TYPE = YES_ERROR;
				GCC_WARN_UNDECLARED_SELECTOR = YES;
				GCC_WARN_UNINITIALIZED_AUTOS = YES_AGGRESSIVE;
				GCC_WARN_UNUSED_FUNCTION = YES;
				GCC_WARN_UNUSED_VARIABLE = YES;
				IPHONEOS_DEPLOYMENT_TARGET = 8.3;
				MTL_ENABLE_DEBUG_INFO = YES;
				ONLY_ACTIVE_ARCH = YES;
				SDKROOT = iphoneos;
				SWIFT_OPTIMIZATION_LEVEL = "-Onone";
			};
			name = Debug;
		};
		7B549CB31B4697680049AC68 /* Release */ = {
			isa = XCBuildConfiguration;
			buildSettings = {
				ALWAYS_SEARCH_USER_PATHS = NO;
				CLANG_CXX_LANGUAGE_STANDARD = "gnu++0x";
				CLANG_CXX_LIBRARY = "libc++";
				CLANG_ENABLE_MODULES = YES;
				CLANG_ENABLE_OBJC_ARC = YES;
				CLANG_WARN_BOOL_CONVERSION = YES;
				CLANG_WARN_CONSTANT_CONVERSION = YES;
				CLANG_WARN_DIRECT_OBJC_ISA_USAGE = YES_ERROR;
				CLANG_WARN_EMPTY_BODY = YES;
				CLANG_WARN_ENUM_CONVERSION = YES;
				CLANG_WARN_INT_CONVERSION = YES;
				CLANG_WARN_OBJC_ROOT_CLASS = YES_ERROR;
				CLANG_WARN_UNREACHABLE_CODE = YES;
				CLANG_WARN__DUPLICATE_METHOD_MATCH = YES;
				"CODE_SIGN_IDENTITY[sdk=iphoneos*]" = "iPhone Developer";
				COPY_PHASE_STRIP = NO;
				DEBUG_INFORMATION_FORMAT = "dwarf-with-dsym";
				ENABLE_NS_ASSERTIONS = NO;
				ENABLE_STRICT_OBJC_MSGSEND = YES;
				GCC_C_LANGUAGE_STANDARD = gnu99;
				GCC_NO_COMMON_BLOCKS = YES;
				GCC_WARN_64_TO_32_BIT_CONVERSION = YES;
				GCC_WARN_ABOUT_RETURN_TYPE = YES_ERROR;
				GCC_WARN_UNDECLARED_SELECTOR = YES;
				GCC_WARN_UNINITIALIZED_AUTOS = YES_AGGRESSIVE;
				GCC_WARN_UNUSED_FUNCTION = YES;
				GCC_WARN_UNUSED_VARIABLE = YES;
				IPHONEOS_DEPLOYMENT_TARGET = 8.3;
				MTL_ENABLE_DEBUG_INFO = NO;
				SDKROOT = iphoneos;
				VALIDATE_PRODUCT = YES;
			};
			name = Release;
		};
		7B549CB51B4697680049AC68 /* Debug */ = {
			isa = XCBuildConfiguration;
			buildSettings = {
				ASSETCATALOG_COMPILER_APPICON_NAME = AppIcon;
				INFOPLIST_FILE = tictactoe/Info.plist;
				LD_RUNPATH_SEARCH_PATHS = "$(inherited) @executable_path/Frameworks";
				PRODUCT_NAME = "$(TARGET_NAME)";
			};
			name = Debug;
		};
		7B549CB61B4697680049AC68 /* Release */ = {
			isa = XCBuildConfiguration;
			buildSettings = {
				ASSETCATALOG_COMPILER_APPICON_NAME = AppIcon;
				INFOPLIST_FILE = tictactoe/Info.plist;
				LD_RUNPATH_SEARCH_PATHS = "$(inherited) @executable_path/Frameworks";
				PRODUCT_NAME = "$(TARGET_NAME)";
			};
			name = Release;
		};
		7B549CB81B4697680049AC68 /* Debug */ = {
			isa = XCBuildConfiguration;
			buildSettings = {
				BUNDLE_LOADER = "$(TEST_HOST)";
				FRAMEWORK_SEARCH_PATHS = (
					"$(SDKROOT)/Developer/Library/Frameworks",
					"$(inherited)",
				);
				GCC_PREPROCESSOR_DEFINITIONS = (
					"DEBUG=1",
					"$(inherited)",
				);
				INFOPLIST_FILE = tictactoeTests/Info.plist;
				LD_RUNPATH_SEARCH_PATHS = "$(inherited) @executable_path/Frameworks @loader_path/Frameworks";
				PRODUCT_NAME = "$(TARGET_NAME)";
				TEST_HOST = "$(BUILT_PRODUCTS_DIR)/tictactoe.app/tictactoe";
			};
			name = Debug;
		};
		7B549CB91B4697680049AC68 /* Release */ = {
			isa = XCBuildConfiguration;
			buildSettings = {
				BUNDLE_LOADER = "$(TEST_HOST)";
				FRAMEWORK_SEARCH_PATHS = (
					"$(SDKROOT)/Developer/Library/Frameworks",
					"$(inherited)",
				);
				INFOPLIST_FILE = tictactoeTests/Info.plist;
				LD_RUNPATH_SEARCH_PATHS = "$(inherited) @executable_path/Frameworks @loader_path/Frameworks";
				PRODUCT_NAME = "$(TARGET_NAME)";
				TEST_HOST = "$(BUILT_PRODUCTS_DIR)/tictactoe.app/tictactoe";
			};
			name = Release;
		};
/* End XCBuildConfiguration section */

/* Begin XCConfigurationList section */
		7B549C901B4697680049AC68 /* Build configuration list for PBXProject "tictactoe" */ = {
			isa = XCConfigurationList;
			buildConfigurations = (
				7B549CB21B4697680049AC68 /* Debug */,
				7B549CB31B4697680049AC68 /* Release */,
			);
			defaultConfigurationIsVisible = 0;
			defaultConfigurationName = Release;
		};
		7B549CB41B4697680049AC68 /* Build configuration list for PBXNativeTarget "tictactoe" */ = {
			isa = XCConfigurationList;
			buildConfigurations = (
				7B549CB51B4697680049AC68 /* Debug */,
				7B549CB61B4697680049AC68 /* Release */,
			);
			defaultConfigurationIsVisible = 0;
		};
		7B549CB71B4697680049AC68 /* Build configuration list for PBXNativeTarget "tictactoeTests" */ = {
			isa = XCConfigurationList;
			buildConfigurations = (
				7B549CB81B4697680049AC68 /* Debug */,
				7B549CB91B4697680049AC68 /* Release */,
			);
			defaultConfigurationIsVisible = 0;
		};
/* End XCConfigurationList section */
	};
	rootObject = 7B549C8D1B4697680049AC68 /* Project object */;
}
